
Microsoft Visual Studio Solution File, Format Version 12.00
# Visual Studio Version 17
VisualStudioVersion = 17.5.33424.131
MinimumVisualStudioVersion = 10.0.40219.1
Project("{FAE04EC0-301F-11D3-BF4B-00C04F79EFBC}") = "pokedex", "pokedex\pokedex.csproj", "{1F829A4D-8AF2-4134-994A-4A867BDF651E}"
EndProject
Global
	GlobalSection(SolutionConfigurationPlatforms) = preSolution
		Debug|Any CPU = Debug|Any CPU
		Release|Any CPU = Release|Any CPU
	EndGlobalSection
	GlobalSection(ProjectConfigurationPlatforms) = postSolution
		{1F829A4D-8AF2-4134-994A-4A867BDF651E}.Debug|Any CPU.ActiveCfg = Debug|Any CPU
		{1F829A4D-8AF2-4134-994A-4A867BDF651E}.Debug|Any CPU.Build.0 = Debug|Any CPU
		{1F829A4D-8AF2-4134-994A-4A867BDF651E}.Release|Any CPU.ActiveCfg = Release|Any CPU
		{1F829A4D-8AF2-4134-994A-4A867BDF651E}.Release|Any CPU.Build.0 = Release|Any CPU
	EndGlobalSection
	GlobalSection(SolutionProperties) = preSolution
		HideSolutionNode = FALSE
	EndGlobalSection
	GlobalSection(ExtensibilityGlobals) = postSolution
		SolutionGuid = {937A1D77-11C5-45B3-B15B-E17221E184E1}
	EndGlobalSection
EndGlobal
